
Microsoft Visual Studio Solution File, Format Version 12.00
# Visual Studio Version 17
VisualStudioVersion = 17.12.35527.113
MinimumVisualStudioVersion = 10.0.40219.1
Project("{FAE04EC0-301F-11D3-BF4B-00C04F79EFBC}") = "TodoList.Api", "src\TodoList.Api\TodoList.Api.csproj", "{290CA76F-DF91-474A-BA0D-634B7FD85227}"
EndProject
Project("{2150E333-8FDC-42A3-9474-1A3956D46DE8}") = "src", "src", "{4B1AEAF5-0EC9-4E52-B39B-E68E63A863CB}"
EndProject
Project("{2150E333-8FDC-42A3-9474-1A3956D46DE8}") = "tests", "tests", "{83B309A6-B6FA-4DC1-84D6-5E33DB4123C2}"
EndProject
Project("{FAE04EC0-301F-11D3-BF4B-00C04F79EFBC}") = "TodoList.UnitTests", "tests\TodoApi.UnitTests\TodoList.UnitTests.csproj", "{F43BE15E-8DB8-458F-84E2-5D2EB1F55D2F}"
EndProject
Project("{FAE04EC0-301F-11D3-BF4B-00C04F79EFBC}") = "TodoList.IntegrationTests", "tests\TodoList.IntegrationTests\TodoList.IntegrationTests.csproj", "{9A4B3A5C-7BCD-4BFF-89FD-74383A4E6C50}"
EndProject
Project("{FAE04EC0-301F-11D3-BF4B-00C04F79EFBC}") = "TodoList.TestFixtures", "tests\TodoList.TestFixtures\TodoList.TestFixtures.csproj", "{E295FD45-C17D-405A-B1AF-682BBCA3B1DD}"
EndProject
Global
	GlobalSection(SolutionConfigurationPlatforms) = preSolution
		Debug|Any CPU = Debug|Any CPU
		Release|Any CPU = Release|Any CPU
	EndGlobalSection
	GlobalSection(ProjectConfigurationPlatforms) = postSolution
		{290CA76F-DF91-474A-BA0D-634B7FD85227}.Debug|Any CPU.ActiveCfg = Debug|Any CPU
		{290CA76F-DF91-474A-BA0D-634B7FD85227}.Debug|Any CPU.Build.0 = Debug|Any CPU
		{290CA76F-DF91-474A-BA0D-634B7FD85227}.Release|Any CPU.ActiveCfg = Release|Any CPU
		{290CA76F-DF91-474A-BA0D-634B7FD85227}.Release|Any CPU.Build.0 = Release|Any CPU
		{F43BE15E-8DB8-458F-84E2-5D2EB1F55D2F}.Debug|Any CPU.ActiveCfg = Debug|Any CPU
		{F43BE15E-8DB8-458F-84E2-5D2EB1F55D2F}.Debug|Any CPU.Build.0 = Debug|Any CPU
		{F43BE15E-8DB8-458F-84E2-5D2EB1F55D2F}.Release|Any CPU.ActiveCfg = Release|Any CPU
		{F43BE15E-8DB8-458F-84E2-5D2EB1F55D2F}.Release|Any CPU.Build.0 = Release|Any CPU
		{9A4B3A5C-7BCD-4BFF-89FD-74383A4E6C50}.Debug|Any CPU.ActiveCfg = Debug|Any CPU
		{9A4B3A5C-7BCD-4BFF-89FD-74383A4E6C50}.Debug|Any CPU.Build.0 = Debug|Any CPU
		{9A4B3A5C-7BCD-4BFF-89FD-74383A4E6C50}.Release|Any CPU.ActiveCfg = Release|Any CPU
		{9A4B3A5C-7BCD-4BFF-89FD-74383A4E6C50}.Release|Any CPU.Build.0 = Release|Any CPU
		{E295FD45-C17D-405A-B1AF-682BBCA3B1DD}.Debug|Any CPU.ActiveCfg = Debug|Any CPU
		{E295FD45-C17D-405A-B1AF-682BBCA3B1DD}.Debug|Any CPU.Build.0 = Debug|Any CPU
		{E295FD45-C17D-405A-B1AF-682BBCA3B1DD}.Release|Any CPU.ActiveCfg = Release|Any CPU
		{E295FD45-C17D-405A-B1AF-682BBCA3B1DD}.Release|Any CPU.Build.0 = Release|Any CPU
	EndGlobalSection
	GlobalSection(SolutionProperties) = preSolution
		HideSolutionNode = FALSE
	EndGlobalSection
	GlobalSection(NestedProjects) = preSolution
		{290CA76F-DF91-474A-BA0D-634B7FD85227} = {4B1AEAF5-0EC9-4E52-B39B-E68E63A863CB}
		{F43BE15E-8DB8-458F-84E2-5D2EB1F55D2F} = {83B309A6-B6FA-4DC1-84D6-5E33DB4123C2}
		{9A4B3A5C-7BCD-4BFF-89FD-74383A4E6C50} = {83B309A6-B6FA-4DC1-84D6-5E33DB4123C2}
		{E295FD45-C17D-405A-B1AF-682BBCA3B1DD} = {83B309A6-B6FA-4DC1-84D6-5E33DB4123C2}
	EndGlobalSection
EndGlobal
